// !$*UTF8*$!
{
	archiveVersion = 1;
	classes = {
	};
	objectVersion = 56;
	objects = {

/* Begin PBXBuildFile section */
		832098242A70B65C0001718C /* AppDelegate.swift in Sources */ = {isa = PBXBuildFile; fileRef = 832098232A70B65C0001718C /* AppDelegate.swift */; };
		832098262A70B65C0001718C /* ContentView.swift in Sources */ = {isa = PBXBuildFile; fileRef = 832098252A70B65C0001718C /* ContentView.swift */; };
		8320982A2A70B65E0001718C /* Assets.xcassets in Resources */ = {isa = PBXBuildFile; fileRef = 832098292A70B65E0001718C /* Assets.xcassets */; };
		8320982D2A70B65E0001718C /* Preview Assets.xcassets in Resources */ = {isa = PBXBuildFile; fileRef = 8320982C2A70B65E0001718C /* Preview Assets.xcassets */; };
		83400E182A71C29300A90276 /* SwiftUIView.swift in Sources */ = {isa = PBXBuildFile; fileRef = 83400E172A71C29300A90276 /* SwiftUIView.swift */; };
		83400E2B2A7380D000A90276 /* Coordinator.swift in Sources */ = {isa = PBXBuildFile; fileRef = 83400E2A2A7380D000A90276 /* Coordinator.swift */; };
		83400E2D2A73811900A90276 /* ARView+Extensions.swift in Sources */ = {isa = PBXBuildFile; fileRef = 83400E2C2A73811900A90276 /* ARView+Extensions.swift */; };
		835B2C182A79CA5C006EC2E3 /* IconViewModel.swift in Sources */ = {isa = PBXBuildFile; fileRef = 835B2C172A79CA5C006EC2E3 /* IconViewModel.swift */; };
		837D40482A8265ED00D92058 /* Model.swift in Sources */ = {isa = PBXBuildFile; fileRef = 837D40472A8265ED00D92058 /* Model.swift */; };
		837D404A2A82696400D92058 /* fish.usdz in Resources */ = {isa = PBXBuildFile; fileRef = 837D40492A82696400D92058 /* fish.usdz */; };
		837D404C2A82699E00D92058 /* heart.usdz in Resources */ = {isa = PBXBuildFile; fileRef = 837D404B2A82699E00D92058 /* heart.usdz */; };
		837D404F2A826B9200D92058 /* FocusEntity in Frameworks */ = {isa = PBXBuildFile; productRef = 837D404E2A826B9200D92058 /* FocusEntity */; };
		837D40512A82F3BE00D92058 /* Experience.rcproject in Sources */ = {isa = PBXBuildFile; fileRef = 837D40502A82F3BE00D92058 /* Experience.rcproject */; };
		837D40532A82F58D00D92058 /* ModelPicker.swift in Sources */ = {isa = PBXBuildFile; fileRef = 837D40522A82F58D00D92058 /* ModelPicker.swift */; };
		837D40552A82F72F00D92058 /* CustomARView.swift in Sources */ = {isa = PBXBuildFile; fileRef = 837D40542A82F72F00D92058 /* CustomARView.swift */; };
/* End PBXBuildFile section */

/* Begin PBXFileReference section */
		832098202A70B65C0001718C /* MyVirtualCat.app */ = {isa = PBXFileReference; explicitFileType = wrapper.application; includeInIndex = 0; path = MyVirtualCat.app; sourceTree = BUILT_PRODUCTS_DIR; };
		832098232A70B65C0001718C /* AppDelegate.swift */ = {isa = PBXFileReference; lastKnownFileType = sourcecode.swift; path = AppDelegate.swift; sourceTree = "<group>"; };
		832098252A70B65C0001718C /* ContentView.swift */ = {isa = PBXFileReference; lastKnownFileType = sourcecode.swift; path = ContentView.swift; sourceTree = "<group>"; };
		832098292A70B65E0001718C /* Assets.xcassets */ = {isa = PBXFileReference; lastKnownFileType = folder.assetcatalog; path = Assets.xcassets; sourceTree = "<group>"; };
		8320982C2A70B65E0001718C /* Preview Assets.xcassets */ = {isa = PBXFileReference; lastKnownFileType = folder.assetcatalog; path = "Preview Assets.xcassets"; sourceTree = "<group>"; };
		83400E172A71C29300A90276 /* SwiftUIView.swift */ = {isa = PBXFileReference; lastKnownFileType = sourcecode.swift; path = SwiftUIView.swift; sourceTree = "<group>"; };
		83400E192A71C36B00A90276 /* Info.plist */ = {isa = PBXFileReference; lastKnownFileType = text.plist; path = Info.plist; sourceTree = "<group>"; };
		83400E2A2A7380D000A90276 /* Coordinator.swift */ = {isa = PBXFileReference; lastKnownFileType = sourcecode.swift; path = Coordinator.swift; sourceTree = "<group>"; };
		83400E2C2A73811900A90276 /* ARView+Extensions.swift */ = {isa = PBXFileReference; lastKnownFileType = sourcecode.swift; path = "ARView+Extensions.swift"; sourceTree = "<group>"; };
		835B2C172A79CA5C006EC2E3 /* IconViewModel.swift */ = {isa = PBXFileReference; lastKnownFileType = sourcecode.swift; path = IconViewModel.swift; sourceTree = "<group>"; };
		837D40472A8265ED00D92058 /* Model.swift */ = {isa = PBXFileReference; lastKnownFileType = sourcecode.swift; path = Model.swift; sourceTree = "<group>"; };
		837D40492A82696400D92058 /* fish.usdz */ = {isa = PBXFileReference; lastKnownFileType = file.usdz; path = fish.usdz; sourceTree = "<group>"; };
		837D404B2A82699E00D92058 /* heart.usdz */ = {isa = PBXFileReference; lastKnownFileType = file.usdz; path = heart.usdz; sourceTree = "<group>"; };
		837D40502A82F3BE00D92058 /* Experience.rcproject */ = {isa = PBXFileReference; lastKnownFileType = file.rcproject; path = Experience.rcproject; sourceTree = "<group>"; };
		837D40522A82F58D00D92058 /* ModelPicker.swift */ = {isa = PBXFileReference; lastKnownFileType = sourcecode.swift; path = ModelPicker.swift; sourceTree = "<group>"; };
		837D40542A82F72F00D92058 /* CustomARView.swift */ = {isa = PBXFileReference; lastKnownFileType = sourcecode.swift; path = CustomARView.swift; sourceTree = "<group>"; };
/* End PBXFileReference section */

/* Begin PBXFrameworksBuildPhase section */
		8320981D2A70B65C0001718C /* Frameworks */ = {
			isa = PBXFrameworksBuildPhase;
			buildActionMask = 2147483647;
			files = (
				837D404F2A826B9200D92058 /* FocusEntity in Frameworks */,
			);
			runOnlyForDeploymentPostprocessing = 0;
		};
/* End PBXFrameworksBuildPhase section */

/* Begin PBXGroup section */
		832098172A70B65C0001718C = {
			isa = PBXGroup;
			children = (
				83400E172A71C29300A90276 /* SwiftUIView.swift */,
				832098222A70B65C0001718C /* MyVirtualCat */,
				832098212A70B65C0001718C /* Products */,
			);
			sourceTree = "<group>";
		};
		832098212A70B65C0001718C /* Products */ = {
			isa = PBXGroup;
			children = (
				832098202A70B65C0001718C /* MyVirtualCat.app */,
			);
			name = Products;
			sourceTree = "<group>";
		};
		832098222A70B65C0001718C /* MyVirtualCat */ = {
			isa = PBXGroup;
			children = (
				83400E192A71C36B00A90276 /* Info.plist */,
				837D40502A82F3BE00D92058 /* Experience.rcproject */,
				832098232A70B65C0001718C /* AppDelegate.swift */,
				837D40542A82F72F00D92058 /* CustomARView.swift */,
				832098252A70B65C0001718C /* ContentView.swift */,
				837D40472A8265ED00D92058 /* Model.swift */,
				83400E2A2A7380D000A90276 /* Coordinator.swift */,
				835B2C172A79CA5C006EC2E3 /* IconViewModel.swift */,
				83400E2C2A73811900A90276 /* ARView+Extensions.swift */,
				837D40522A82F58D00D92058 /* ModelPicker.swift */,
				832098292A70B65E0001718C /* Assets.xcassets */,
				837D40422A80DF7900D92058 /* Models */,
				8320982B2A70B65E0001718C /* Preview Content */,
			);
			path = MyVirtualCat;
			sourceTree = "<group>";
		};
		8320982B2A70B65E0001718C /* Preview Content */ = {
			isa = PBXGroup;
			children = (
				8320982C2A70B65E0001718C /* Preview Assets.xcassets */,
			);
			path = "Preview Content";
			sourceTree = "<group>";
		};
		837D40422A80DF7900D92058 /* Models */ = {
			isa = PBXGroup;
			children = (
				837D404B2A82699E00D92058 /* heart.usdz */,
				837D40492A82696400D92058 /* fish.usdz */,
			);
			path = Models;
			sourceTree = "<group>";
		};
/* End PBXGroup section */

/* Begin PBXNativeTarget section */
		8320981F2A70B65C0001718C /* MyVirtualCat */ = {
			isa = PBXNativeTarget;
			buildConfigurationList = 832098302A70B65E0001718C /* Build configuration list for PBXNativeTarget "MyVirtualCat" */;
			buildPhases = (
				8320981C2A70B65C0001718C /* Sources */,
				8320981D2A70B65C0001718C /* Frameworks */,
				8320981E2A70B65C0001718C /* Resources */,
			);
			buildRules = (
			);
			dependencies = (
			);
			name = MyVirtualCat;
			packageProductDependencies = (
				837D404E2A826B9200D92058 /* FocusEntity */,
			);
			productName = MyVirtualCat;
			productReference = 832098202A70B65C0001718C /* MyVirtualCat.app */;
			productType = "com.apple.product-type.application";
		};
/* End PBXNativeTarget section */

/* Begin PBXProject section */
		832098182A70B65C0001718C /* Project object */ = {
			isa = PBXProject;
			attributes = {
				BuildIndependentTargetsInParallel = 1;
				LastSwiftUpdateCheck = 1430;
				LastUpgradeCheck = 1430;
				TargetAttributes = {
					8320981F2A70B65C0001718C = {
						CreatedOnToolsVersion = 14.3.1;
					};
				};
			};
			buildConfigurationList = 8320981B2A70B65C0001718C /* Build configuration list for PBXProject "MyVirtualCat" */;
			compatibilityVersion = "Xcode 14.0";
			developmentRegion = en;
			hasScannedForEncodings = 0;
			knownRegions = (
				en,
				Base,
			);
			mainGroup = 832098172A70B65C0001718C;
			packageReferences = (
				837D404D2A826B9200D92058 /* XCRemoteSwiftPackageReference "FocusEntity" */,
			);
			productRefGroup = 832098212A70B65C0001718C /* Products */;
			projectDirPath = "";
			projectRoot = "";
			targets = (
				8320981F2A70B65C0001718C /* MyVirtualCat */,
			);
		};
/* End PBXProject section */

/* Begin PBXResourcesBuildPhase section */
		8320981E2A70B65C0001718C /* Resources */ = {
			isa = PBXResourcesBuildPhase;
			buildActionMask = 2147483647;
			files = (
				837D404A2A82696400D92058 /* fish.usdz in Resources */,
				8320982D2A70B65E0001718C /* Preview Assets.xcassets in Resources */,
				837D404C2A82699E00D92058 /* heart.usdz in Resources */,
				8320982A2A70B65E0001718C /* Assets.xcassets in Resources */,
			);
			runOnlyForDeploymentPostprocessing = 0;
		};
/* End PBXResourcesBuildPhase section */

/* Begin PBXSourcesBuildPhase section */
		8320981C2A70B65C0001718C /* Sources */ = {
			isa = PBXSourcesBuildPhase;
			buildActionMask = 2147483647;
			files = (
				837D40552A82F72F00D92058 /* CustomARView.swift in Sources */,
				835B2C182A79CA5C006EC2E3 /* IconViewModel.swift in Sources */,
				832098262A70B65C0001718C /* ContentView.swift in Sources */,
				832098242A70B65C0001718C /* AppDelegate.swift in Sources */,
				83400E2B2A7380D000A90276 /* Coordinator.swift in Sources */,
				83400E2D2A73811900A90276 /* ARView+Extensions.swift in Sources */,
				83400E182A71C29300A90276 /* SwiftUIView.swift in Sources */,
				837D40512A82F3BE00D92058 /* Experience.rcproject in Sources */,
				837D40532A82F58D00D92058 /* ModelPicker.swift in Sources */,
				837D40482A8265ED00D92058 /* Model.swift in Sources */,
			);
			runOnlyForDeploymentPostprocessing = 0;
		};
/* End PBXSourcesBuildPhase section */

/* Begin XCBuildConfiguration section */
		8320982E2A70B65E0001718C /* Debug */ = {
			isa = XCBuildConfiguration;
			buildSettings = {
				ALWAYS_SEARCH_USER_PATHS = NO;
				CLANG_ANALYZER_NONNULL = YES;
				CLANG_ANALYZER_NUMBER_OBJECT_CONVERSION = YES_AGGRESSIVE;
				CLANG_CXX_LANGUAGE_STANDARD = "gnu++20";
				CLANG_ENABLE_MODULES = YES;
				CLANG_ENABLE_OBJC_ARC = YES;
				CLANG_ENABLE_OBJC_WEAK = YES;
				CLANG_WARN_BLOCK_CAPTURE_AUTORELEASING = YES;
				CLANG_WARN_BOOL_CONVERSION = YES;
				CLANG_WARN_COMMA = YES;
				CLANG_WARN_CONSTANT_CONVERSION = YES;
				CLANG_WARN_DEPRECATED_OBJC_IMPLEMENTATIONS = YES;
				CLANG_WARN_DIRECT_OBJC_ISA_USAGE = YES_ERROR;
				CLANG_WARN_DOCUMENTATION_COMMENTS = YES;
				CLANG_WARN_EMPTY_BODY = YES;
				CLANG_WARN_ENUM_CONVERSION = YES;
				CLANG_WARN_INFINITE_RECURSION = YES;
				CLANG_WARN_INT_CONVERSION = YES;
				CLANG_WARN_NON_LITERAL_NULL_CONVERSION = YES;
				CLANG_WARN_OBJC_IMPLICIT_RETAIN_SELF = YES;
				CLANG_WARN_OBJC_LITERAL_CONVERSION = YES;
				CLANG_WARN_OBJC_ROOT_CLASS = YES_ERROR;
				CLANG_WARN_QUOTED_INCLUDE_IN_FRAMEWORK_HEADER = YES;
				CLANG_WARN_RANGE_LOOP_ANALYSIS = YES;
				CLANG_WARN_STRICT_PROTOTYPES = YES;
				CLANG_WARN_SUSPICIOUS_MOVE = YES;
				CLANG_WARN_UNGUARDED_AVAILABILITY = YES_AGGRESSIVE;
				CLANG_WARN_UNREACHABLE_CODE = YES;
				CLANG_WARN__DUPLICATE_METHOD_MATCH = YES;
				COPY_PHASE_STRIP = NO;
				DEBUG_INFORMATION_FORMAT = dwarf;
				ENABLE_STRICT_OBJC_MSGSEND = YES;
				ENABLE_TESTABILITY = YES;
				GCC_C_LANGUAGE_STANDARD = gnu11;
				GCC_DYNAMIC_NO_PIC = NO;
				GCC_NO_COMMON_BLOCKS = YES;
				GCC_OPTIMIZATION_LEVEL = 0;
				GCC_PREPROCESSOR_DEFINITIONS = (
					"DEBUG=1",
					"$(inherited)",
				);
				GCC_WARN_64_TO_32_BIT_CONVERSION = YES;
				GCC_WARN_ABOUT_RETURN_TYPE = YES_ERROR;
				GCC_WARN_UNDECLARED_SELECTOR = YES;
				GCC_WARN_UNINITIALIZED_AUTOS = YES_AGGRESSIVE;
				GCC_WARN_UNUSED_FUNCTION = YES;
				GCC_WARN_UNUSED_VARIABLE = YES;
				IPHONEOS_DEPLOYMENT_TARGET = 16.4;
				MTL_ENABLE_DEBUG_INFO = INCLUDE_SOURCE;
				MTL_FAST_MATH = YES;
				ONLY_ACTIVE_ARCH = YES;
				SDKROOT = iphoneos;
				SWIFT_ACTIVE_COMPILATION_CONDITIONS = DEBUG;
				SWIFT_OPTIMIZATION_LEVEL = "-Onone";
			};
			name = Debug;
		};
		8320982F2A70B65E0001718C /* Release */ = {
			isa = XCBuildConfiguration;
			buildSettings = {
				ALWAYS_SEARCH_USER_PATHS = NO;
				CLANG_ANALYZER_NONNULL = YES;
				CLANG_ANALYZER_NUMBER_OBJECT_CONVERSION = YES_AGGRESSIVE;
				CLANG_CXX_LANGUAGE_STANDARD = "gnu++20";
				CLANG_ENABLE_MODULES = YES;
				CLANG_ENABLE_OBJC_ARC = YES;
				CLANG_ENABLE_OBJC_WEAK = YES;
				CLANG_WARN_BLOCK_CAPTURE_AUTORELEASING = YES;
				CLANG_WARN_BOOL_CONVERSION = YES;
				CLANG_WARN_COMMA = YES;
				CLANG_WARN_CONSTANT_CONVERSION = YES;
				CLANG_WARN_DEPRECATED_OBJC_IMPLEMENTATIONS = YES;
				CLANG_WARN_DIRECT_OBJC_ISA_USAGE = YES_ERROR;
				CLANG_WARN_DOCUMENTATION_COMMENTS = YES;
				CLANG_WARN_EMPTY_BODY = YES;
				CLANG_WARN_ENUM_CONVERSION = YES;
				CLANG_WARN_INFINITE_RECURSION = YES;
				CLANG_WARN_INT_CONVERSION = YES;
				CLANG_WARN_NON_LITERAL_NULL_CONVERSION = YES;
				CLANG_WARN_OBJC_IMPLICIT_RETAIN_SELF = YES;
				CLANG_WARN_OBJC_LITERAL_CONVERSION = YES;
				CLANG_WARN_OBJC_ROOT_CLASS = YES_ERROR;
				CLANG_WARN_QUOTED_INCLUDE_IN_FRAMEWORK_HEADER = YES;
				CLANG_WARN_RANGE_LOOP_ANALYSIS = YES;
				CLANG_WARN_STRICT_PROTOTYPES = YES;
				CLANG_WARN_SUSPICIOUS_MOVE = YES;
				CLANG_WARN_UNGUARDED_AVAILABILITY = YES_AGGRESSIVE;
				CLANG_WARN_UNREACHABLE_CODE = YES;
				CLANG_WARN__DUPLICATE_METHOD_MATCH = YES;
				COPY_PHASE_STRIP = NO;
				DEBUG_INFORMATION_FORMAT = "dwarf-with-dsym";
				ENABLE_NS_ASSERTIONS = NO;
				ENABLE_STRICT_OBJC_MSGSEND = YES;
				GCC_C_LANGUAGE_STANDARD = gnu11;
				GCC_NO_COMMON_BLOCKS = YES;
				GCC_WARN_64_TO_32_BIT_CONVERSION = YES;
				GCC_WARN_ABOUT_RETURN_TYPE = YES_ERROR;
				GCC_WARN_UNDECLARED_SELECTOR = YES;
				GCC_WARN_UNINITIALIZED_AUTOS = YES_AGGRESSIVE;
				GCC_WARN_UNUSED_FUNCTION = YES;
				GCC_WARN_UNUSED_VARIABLE = YES;
				IPHONEOS_DEPLOYMENT_TARGET = 16.4;
				MTL_ENABLE_DEBUG_INFO = NO;
				MTL_FAST_MATH = YES;
				SDKROOT = iphoneos;
				SWIFT_COMPILATION_MODE = wholemodule;
				SWIFT_OPTIMIZATION_LEVEL = "-O";
				VALIDATE_PRODUCT = YES;
			};
			name = Release;
		};
		832098312A70B65E0001718C /* Debug */ = {
			isa = XCBuildConfiguration;
			buildSettings = {
				ASSETCATALOG_COMPILER_APPICON_NAME = AppIcon;
				ASSETCATALOG_COMPILER_GLOBAL_ACCENT_COLOR_NAME = AccentColor;
				CODE_SIGN_STYLE = Automatic;
				CURRENT_PROJECT_VERSION = 1;
				DEVELOPMENT_ASSET_PATHS = "\"MyVirtualCat/Preview Content\"";
				DEVELOPMENT_TEAM = X23L23XUSP;
				ENABLE_PREVIEWS = YES;
				GENERATE_INFOPLIST_FILE = YES;
				INFOPLIST_FILE = MyVirtualCat/Info.plist;
				INFOPLIST_KEY_NSCameraUsageDescription = "Please Allow Your Cat Come to You 💕";
				INFOPLIST_KEY_UIApplicationSupportsIndirectInputEvents = YES;
				INFOPLIST_KEY_UILaunchScreen_Generation = YES;
				INFOPLIST_KEY_UIRequiredDeviceCapabilities = arkit;
				INFOPLIST_KEY_UIStatusBarHidden = YES;
				INFOPLIST_KEY_UISupportedInterfaceOrientations_iPad = "UIInterfaceOrientationPortrait UIInterfaceOrientationPortraitUpsideDown UIInterfaceOrientationLandscapeLeft UIInterfaceOrientationLandscapeRight";
				INFOPLIST_KEY_UISupportedInterfaceOrientations_iPhone = "UIInterfaceOrientationPortrait UIInterfaceOrientationLandscapeLeft UIInterfaceOrientationLandscapeRight";
				LD_RUNPATH_SEARCH_PATHS = (
					"$(inherited)",
					"@executable_path/Frameworks",
				);
				MARKETING_VERSION = 1.0;
				PRODUCT_BUNDLE_IDENTIFIER = com.Huaiyu.MyVirtualCat;
				PRODUCT_NAME = "$(TARGET_NAME)";
				SWIFT_EMIT_LOC_STRINGS = YES;
				SWIFT_VERSION = 5.0;
				TARGETED_DEVICE_FAMILY = "1,2";
			};
			name = Debug;
		};
		832098322A70B65E0001718C /* Release */ = {
			isa = XCBuildConfiguration;
			buildSettings = {
				ASSETCATALOG_COMPILER_APPICON_NAME = AppIcon;
				ASSETCATALOG_COMPILER_GLOBAL_ACCENT_COLOR_NAME = AccentColor;
				CODE_SIGN_STYLE = Automatic;
				CURRENT_PROJECT_VERSION = 1;
				DEVELOPMENT_ASSET_PATHS = "\"MyVirtualCat/Preview Content\"";
				DEVELOPMENT_TEAM = X23L23XUSP;
				ENABLE_PREVIEWS = YES;
				GENERATE_INFOPLIST_FILE = YES;
				INFOPLIST_FILE = MyVirtualCat/Info.plist;
				INFOPLIST_KEY_NSCameraUsageDescription = "Please Allow Your Cat Come to You 💕";
				INFOPLIST_KEY_UIApplicationSupportsIndirectInputEvents = YES;
				INFOPLIST_KEY_UILaunchScreen_Generation = YES;
				INFOPLIST_KEY_UIRequiredDeviceCapabilities = arkit;
				INFOPLIST_KEY_UIStatusBarHidden = YES;
				INFOPLIST_KEY_UISupportedInterfaceOrientations_iPad = "UIInterfaceOrientationPortrait UIInterfaceOrientationPortraitUpsideDown UIInterfaceOrientationLandscapeLeft UIInterfaceOrientationLandscapeRight";
				INFOPLIST_KEY_UISupportedInterfaceOrientations_iPhone = "UIInterfaceOrientationPortrait UIInterfaceOrientationLandscapeLeft UIInterfaceOrientationLandscapeRight";
				LD_RUNPATH_SEARCH_PATHS = (
					"$(inherited)",
					"@executable_path/Frameworks",
				);
				MARKETING_VERSION = 1.0;
				PRODUCT_BUNDLE_IDENTIFIER = com.Huaiyu.MyVirtualCat;
				PRODUCT_NAME = "$(TARGET_NAME)";
				SWIFT_EMIT_LOC_STRINGS = YES;
				SWIFT_VERSION = 5.0;
				TARGETED_DEVICE_FAMILY = "1,2";
			};
			name = Release;
		};
/* End XCBuildConfiguration section */

/* Begin XCConfigurationList section */
		8320981B2A70B65C0001718C /* Build configuration list for PBXProject "MyVirtualCat" */ = {
			isa = XCConfigurationList;
			buildConfigurations = (
				8320982E2A70B65E0001718C /* Debug */,
				8320982F2A70B65E0001718C /* Release */,
			);
			defaultConfigurationIsVisible = 0;
			defaultConfigurationName = Release;
		};
		832098302A70B65E0001718C /* Build configuration list for PBXNativeTarget "MyVirtualCat" */ = {
			isa = XCConfigurationList;
			buildConfigurations = (
				832098312A70B65E0001718C /* Debug */,
				832098322A70B65E0001718C /* Release */,
			);
			defaultConfigurationIsVisible = 0;
			defaultConfigurationName = Release;
		};
/* End XCConfigurationList section */

/* Begin XCRemoteSwiftPackageReference section */
		837D404D2A826B9200D92058 /* XCRemoteSwiftPackageReference "FocusEntity" */ = {
			isa = XCRemoteSwiftPackageReference;
			repositoryURL = "https://github.com/maxxfrazer/FocusEntity";
			requirement = {
				kind = upToNextMajorVersion;
				minimumVersion = 2.0.0;
			};
		};
/* End XCRemoteSwiftPackageReference section */

/* Begin XCSwiftPackageProductDependency section */
		837D404E2A826B9200D92058 /* FocusEntity */ = {
			isa = XCSwiftPackageProductDependency;
			package = 837D404D2A826B9200D92058 /* XCRemoteSwiftPackageReference "FocusEntity" */;
			productName = FocusEntity;
		};
/* End XCSwiftPackageProductDependency section */
	};
	rootObject = 832098182A70B65C0001718C /* Project object */;
}
